
Microsoft Visual Studio Solution File, Format Version 12.00
# Visual Studio Version 16
VisualStudioVersion = 16.0.31129.286
MinimumVisualStudioVersion = 10.0.40219.1
Project("{FAE04EC0-301F-11D3-BF4B-00C04F79EFBC}") = "BehaviorDrivenDevelopmentTp2", "BehaviorDrivenDevelopmentTp2\BehaviorDrivenDevelopmentTp2.csproj", "{37F6A506-B581-47BE-9CD3-AF2369AC4593}"
EndProject
Project("{FAE04EC0-301F-11D3-BF4B-00C04F79EFBC}") = "SpecFlowElection.Specs", "SpecFlowElection.Specs\SpecFlowElection.Specs.csproj", "{30A95902-F5F4-4919-AF67-5A8175AE23D1}"
EndProject
Global
	GlobalSection(SolutionConfigurationPlatforms) = preSolution
		Debug|Any CPU = Debug|Any CPU
		Release|Any CPU = Release|Any CPU
	EndGlobalSection
	GlobalSection(ProjectConfigurationPlatforms) = postSolution
		{37F6A506-B581-47BE-9CD3-AF2369AC4593}.Debug|Any CPU.ActiveCfg = Debug|Any CPU
		{37F6A506-B581-47BE-9CD3-AF2369AC4593}.Debug|Any CPU.Build.0 = Debug|Any CPU
		{37F6A506-B581-47BE-9CD3-AF2369AC4593}.Release|Any CPU.ActiveCfg = Release|Any CPU
		{37F6A506-B581-47BE-9CD3-AF2369AC4593}.Release|Any CPU.Build.0 = Release|Any CPU
		{30A95902-F5F4-4919-AF67-5A8175AE23D1}.Debug|Any CPU.ActiveCfg = Debug|Any CPU
		{30A95902-F5F4-4919-AF67-5A8175AE23D1}.Debug|Any CPU.Build.0 = Debug|Any CPU
		{30A95902-F5F4-4919-AF67-5A8175AE23D1}.Release|Any CPU.ActiveCfg = Release|Any CPU
		{30A95902-F5F4-4919-AF67-5A8175AE23D1}.Release|Any CPU.Build.0 = Release|Any CPU
	EndGlobalSection
	GlobalSection(SolutionProperties) = preSolution
		HideSolutionNode = FALSE
	EndGlobalSection
	GlobalSection(ExtensibilityGlobals) = postSolution
		SolutionGuid = {6381D42C-0931-425E-A0D4-6134E2E4FED7}
	EndGlobalSection
EndGlobal
